
Microsoft Visual Studio Solution File, Format Version 12.00
# Visual Studio Version 17
VisualStudioVersion = 17.14.36623.8
MinimumVisualStudioVersion = 10.0.40219.1
Project("{FAE04EC0-301F-11D3-BF4B-00C04F79EFBC}") = "FinalProject", "FinalProject\FinalProject.csproj", "{F34BC311-361C-4F41-94AA-15CF6137B596}"
EndProject
Project("{FAE04EC0-301F-11D3-BF4B-00C04F79EFBC}") = "FinalProject.Tests", "FinalProject.Tests\FinalProject.Tests.csproj", "{782EE024-14E5-4C89-AC98-F0B5CF94943A}"
EndProject
Global
	GlobalSection(SolutionConfigurationPlatforms) = preSolution
		Debug|Any CPU = Debug|Any CPU
		Debug|x64 = Debug|x64
		Debug|x86 = Debug|x86
		Release|Any CPU = Release|Any CPU
		Release|x64 = Release|x64
		Release|x86 = Release|x86
	EndGlobalSection
	GlobalSection(ProjectConfigurationPlatforms) = postSolution
		{F34BC311-361C-4F41-94AA-15CF6137B596}.Debug|Any CPU.ActiveCfg = Debug|Any CPU
		{F34BC311-361C-4F41-94AA-15CF6137B596}.Debug|Any CPU.Build.0 = Debug|Any CPU
		{F34BC311-361C-4F41-94AA-15CF6137B596}.Debug|x64.ActiveCfg = Debug|Any CPU
		{F34BC311-361C-4F41-94AA-15CF6137B596}.Debug|x64.Build.0 = Debug|Any CPU
		{F34BC311-361C-4F41-94AA-15CF6137B596}.Debug|x86.ActiveCfg = Debug|Any CPU
		{F34BC311-361C-4F41-94AA-15CF6137B596}.Debug|x86.Build.0 = Debug|Any CPU
		{F34BC311-361C-4F41-94AA-15CF6137B596}.Release|Any CPU.ActiveCfg = Release|Any CPU
		{F34BC311-361C-4F41-94AA-15CF6137B596}.Release|Any CPU.Build.0 = Release|Any CPU
		{F34BC311-361C-4F41-94AA-15CF6137B596}.Release|x64.ActiveCfg = Release|Any CPU
		{F34BC311-361C-4F41-94AA-15CF6137B596}.Release|x64.Build.0 = Release|Any CPU
		{F34BC311-361C-4F41-94AA-15CF6137B596}.Release|x86.ActiveCfg = Release|Any CPU
		{F34BC311-361C-4F41-94AA-15CF6137B596}.Release|x86.Build.0 = Release|Any CPU
		{782EE024-14E5-4C89-AC98-F0B5CF94943A}.Debug|Any CPU.ActiveCfg = Debug|Any CPU
		{782EE024-14E5-4C89-AC98-F0B5CF94943A}.Debug|Any CPU.Build.0 = Debug|Any CPU
		{782EE024-14E5-4C89-AC98-F0B5CF94943A}.Debug|x64.ActiveCfg = Debug|Any CPU
		{782EE024-14E5-4C89-AC98-F0B5CF94943A}.Debug|x64.Build.0 = Debug|Any CPU
		{782EE024-14E5-4C89-AC98-F0B5CF94943A}.Debug|x86.ActiveCfg = Debug|Any CPU
		{782EE024-14E5-4C89-AC98-F0B5CF94943A}.Debug|x86.Build.0 = Debug|Any CPU
		{782EE024-14E5-4C89-AC98-F0B5CF94943A}.Release|Any CPU.ActiveCfg = Release|Any CPU
		{782EE024-14E5-4C89-AC98-F0B5CF94943A}.Release|Any CPU.Build.0 = Release|Any CPU
		{782EE024-14E5-4C89-AC98-F0B5CF94943A}.Release|x64.ActiveCfg = Release|Any CPU
		{782EE024-14E5-4C89-AC98-F0B5CF94943A}.Release|x64.Build.0 = Release|Any CPU
		{782EE024-14E5-4C89-AC98-F0B5CF94943A}.Release|x86.ActiveCfg = Release|Any CPU
		{782EE024-14E5-4C89-AC98-F0B5CF94943A}.Release|x86.Build.0 = Release|Any CPU
	EndGlobalSection
	GlobalSection(SolutionProperties) = preSolution
		HideSolutionNode = FALSE
	EndGlobalSection
	GlobalSection(ExtensibilityGlobals) = postSolution
		SolutionGuid = {605550EA-3FA4-4212-B00B-AB08CA68266D}
	EndGlobalSection
EndGlobal
